// !$*UTF8*$!
{
	archiveVersion = 1;
	classes = {
	};
	objectVersion = 56;
	objects = {

/* Begin PBXBuildFile section */
		061DCD582C44A13100CEDF2F /* MetrolaApp.swift in Sources */ = {isa = PBXBuildFile; fileRef = 061DCD572C44A13100CEDF2F /* MetrolaApp.swift */; };
		061DCD5F2C44A13200CEDF2F /* Preview Assets.xcassets in Resources */ = {isa = PBXBuildFile; fileRef = 061DCD5E2C44A13200CEDF2F /* Preview Assets.xcassets */; };
		061DCD662C44A22E00CEDF2F /* Assets.xcassets in Resources */ = {isa = PBXBuildFile; fileRef = 061DCD652C44A22E00CEDF2F /* Assets.xcassets */; };
		061DCD6A2C44A2F400CEDF2F /* RootView.swift in Sources */ = {isa = PBXBuildFile; fileRef = 061DCD692C44A2F400CEDF2F /* RootView.swift */; };
		061DCD6D2C44A34F00CEDF2F /* testStops.json in Resources */ = {isa = PBXBuildFile; fileRef = 061DCD6C2C44A34F00CEDF2F /* testStops.json */; };
		061DCD712C44A36400CEDF2F /* Line.swift in Sources */ = {isa = PBXBuildFile; fileRef = 061DCD6E2C44A36400CEDF2F /* Line.swift */; };
		061DCD722C44A36400CEDF2F /* Station.swift in Sources */ = {isa = PBXBuildFile; fileRef = 061DCD6F2C44A36400CEDF2F /* Station.swift */; };
		061DCD762C44A37000CEDF2F /* LocationManager.swift in Sources */ = {isa = PBXBuildFile; fileRef = 061DCD732C44A37000CEDF2F /* LocationManager.swift */; };
		061DCD772C44A37000CEDF2F /* StationMapView.swift in Sources */ = {isa = PBXBuildFile; fileRef = 061DCD742C44A37000CEDF2F /* StationMapView.swift */; };
		061DCD792C44A39600CEDF2F /* Helpers.swift in Sources */ = {isa = PBXBuildFile; fileRef = 061DCD782C44A39600CEDF2F /* Helpers.swift */; };
		061DCD7B2C44A3BA00CEDF2F /* README.md in Resources */ = {isa = PBXBuildFile; fileRef = 061DCD7A2C44A3BA00CEDF2F /* README.md */; };
		067D7D392C44AC130063734B /* AgencyKey.swift in Sources */ = {isa = PBXBuildFile; fileRef = 067D7D382C44AC130063734B /* AgencyKey.swift */; };
		06C4BF382C44B44B00197544 /* Direction.swift in Sources */ = {isa = PBXBuildFile; fileRef = 06C4BF372C44B44B00197544 /* Direction.swift */; };
		06C4BF3A2C44BE0E00197544 /* testLocation.gpx in Resources */ = {isa = PBXBuildFile; fileRef = 06C4BF392C44BE0E00197544 /* testLocation.gpx */; };
/* End PBXBuildFile section */

/* Begin PBXFileReference section */
		061DCD542C44A13100CEDF2F /* Metrola.app */ = {isa = PBXFileReference; explicitFileType = wrapper.application; includeInIndex = 0; path = Metrola.app; sourceTree = BUILT_PRODUCTS_DIR; };
		061DCD572C44A13100CEDF2F /* MetrolaApp.swift */ = {isa = PBXFileReference; lastKnownFileType = sourcecode.swift; path = MetrolaApp.swift; sourceTree = "<group>"; };
		061DCD5E2C44A13200CEDF2F /* Preview Assets.xcassets */ = {isa = PBXFileReference; lastKnownFileType = folder.assetcatalog; path = "Preview Assets.xcassets"; sourceTree = "<group>"; };
		061DCD652C44A22E00CEDF2F /* Assets.xcassets */ = {isa = PBXFileReference; lastKnownFileType = folder.assetcatalog; path = Assets.xcassets; sourceTree = "<group>"; };
		061DCD692C44A2F400CEDF2F /* RootView.swift */ = {isa = PBXFileReference; fileEncoding = 4; lastKnownFileType = sourcecode.swift; path = RootView.swift; sourceTree = "<group>"; };
		061DCD6C2C44A34F00CEDF2F /* testStops.json */ = {isa = PBXFileReference; fileEncoding = 4; lastKnownFileType = text.json; path = testStops.json; sourceTree = "<group>"; };
		061DCD6E2C44A36400CEDF2F /* Line.swift */ = {isa = PBXFileReference; fileEncoding = 4; lastKnownFileType = sourcecode.swift; path = Line.swift; sourceTree = "<group>"; };
		061DCD6F2C44A36400CEDF2F /* Station.swift */ = {isa = PBXFileReference; fileEncoding = 4; lastKnownFileType = sourcecode.swift; path = Station.swift; sourceTree = "<group>"; };
		061DCD732C44A37000CEDF2F /* LocationManager.swift */ = {isa = PBXFileReference; fileEncoding = 4; lastKnownFileType = sourcecode.swift; path = LocationManager.swift; sourceTree = "<group>"; };
		061DCD742C44A37000CEDF2F /* StationMapView.swift */ = {isa = PBXFileReference; fileEncoding = 4; lastKnownFileType = sourcecode.swift; path = StationMapView.swift; sourceTree = "<group>"; };
		061DCD782C44A39600CEDF2F /* Helpers.swift */ = {isa = PBXFileReference; fileEncoding = 4; lastKnownFileType = sourcecode.swift; path = Helpers.swift; sourceTree = "<group>"; };
		061DCD7A2C44A3BA00CEDF2F /* README.md */ = {isa = PBXFileReference; fileEncoding = 4; lastKnownFileType = net.daringfireball.markdown; path = README.md; sourceTree = "<group>"; };
		067D7D382C44AC130063734B /* AgencyKey.swift */ = {isa = PBXFileReference; lastKnownFileType = sourcecode.swift; path = AgencyKey.swift; sourceTree = "<group>"; };
		06C4BF372C44B44B00197544 /* Direction.swift */ = {isa = PBXFileReference; lastKnownFileType = sourcecode.swift; path = Direction.swift; sourceTree = "<group>"; };
		06C4BF392C44BE0E00197544 /* testLocation.gpx */ = {isa = PBXFileReference; fileEncoding = 4; lastKnownFileType = text.xml; path = testLocation.gpx; sourceTree = "<group>"; };
/* End PBXFileReference section */

/* Begin PBXFrameworksBuildPhase section */
		061DCD512C44A13100CEDF2F /* Frameworks */ = {
			isa = PBXFrameworksBuildPhase;
			buildActionMask = 2147483647;
			files = (
			);
			runOnlyForDeploymentPostprocessing = 0;
		};
/* End PBXFrameworksBuildPhase section */

/* Begin PBXGroup section */
		061DCD4B2C44A13100CEDF2F = {
			isa = PBXGroup;
			children = (
				061DCD562C44A13100CEDF2F /* Metrola */,
				061DCD552C44A13100CEDF2F /* Products */,
			);
			sourceTree = "<group>";
		};
		061DCD552C44A13100CEDF2F /* Products */ = {
			isa = PBXGroup;
			children = (
				061DCD542C44A13100CEDF2F /* Metrola.app */,
			);
			name = Products;
			sourceTree = "<group>";
		};
		061DCD562C44A13100CEDF2F /* Metrola */ = {
			isa = PBXGroup;
			children = (
				061DCD572C44A13100CEDF2F /* MetrolaApp.swift */,
				061DCD692C44A2F400CEDF2F /* RootView.swift */,
				061DCD702C44A36400CEDF2F /* Model */,
				061DCD752C44A37000CEDF2F /* Map View */,
				061DCD6B2C44A34000CEDF2F /* Support */,
				061DCD652C44A22E00CEDF2F /* Assets.xcassets */,
				06C4BF392C44BE0E00197544 /* testLocation.gpx */,
				061DCD5D2C44A13200CEDF2F /* Preview Content */,
				061DCD7A2C44A3BA00CEDF2F /* README.md */,
			);
			path = Metrola;
			sourceTree = "<group>";
		};
		061DCD5D2C44A13200CEDF2F /* Preview Content */ = {
			isa = PBXGroup;
			children = (
				061DCD5E2C44A13200CEDF2F /* Preview Assets.xcassets */,
			);
			path = "Preview Content";
			sourceTree = "<group>";
		};
		061DCD6B2C44A34000CEDF2F /* Support */ = {
			isa = PBXGroup;
			children = (
				061DCD782C44A39600CEDF2F /* Helpers.swift */,
				061DCD6C2C44A34F00CEDF2F /* testStops.json */,
			);
			path = Support;
			sourceTree = "<group>";
		};
		061DCD702C44A36400CEDF2F /* Model */ = {
			isa = PBXGroup;
			children = (
				067D7D382C44AC130063734B /* AgencyKey.swift */,
				061DCD6E2C44A36400CEDF2F /* Line.swift */,
				061DCD6F2C44A36400CEDF2F /* Station.swift */,
				06C4BF372C44B44B00197544 /* Direction.swift */,
			);
			path = Model;
			sourceTree = "<group>";
		};
		061DCD752C44A37000CEDF2F /* Map View */ = {
			isa = PBXGroup;
			children = (
				061DCD732C44A37000CEDF2F /* LocationManager.swift */,
				061DCD742C44A37000CEDF2F /* StationMapView.swift */,
			);
			path = "Map View";
			sourceTree = "<group>";
		};
/* End PBXGroup section */

/* Begin PBXNativeTarget section */
		061DCD532C44A13100CEDF2F /* Metrola */ = {
			isa = PBXNativeTarget;
			buildConfigurationList = 061DCD622C44A13200CEDF2F /* Build configuration list for PBXNativeTarget "Metrola" */;
			buildPhases = (
				061DCD502C44A13100CEDF2F /* Sources */,
				061DCD512C44A13100CEDF2F /* Frameworks */,
				061DCD522C44A13100CEDF2F /* Resources */,
			);
			buildRules = (
			);
			dependencies = (
			);
			name = Metrola;
			productName = Metrola;
			productReference = 061DCD542C44A13100CEDF2F /* Metrola.app */;
			productType = "com.apple.product-type.application";
		};
/* End PBXNativeTarget section */

/* Begin PBXProject section */
		061DCD4C2C44A13100CEDF2F /* Project object */ = {
			isa = PBXProject;
			attributes = {
				BuildIndependentTargetsInParallel = 1;
				LastSwiftUpdateCheck = 1540;
				LastUpgradeCheck = 1540;
				TargetAttributes = {
					061DCD532C44A13100CEDF2F = {
						CreatedOnToolsVersion = 15.4;
					};
				};
			};
			buildConfigurationList = 061DCD4F2C44A13100CEDF2F /* Build configuration list for PBXProject "Metrola" */;
			compatibilityVersion = "Xcode 14.0";
			developmentRegion = en;
			hasScannedForEncodings = 0;
			knownRegions = (
				en,
				Base,
			);
			mainGroup = 061DCD4B2C44A13100CEDF2F;
			productRefGroup = 061DCD552C44A13100CEDF2F /* Products */;
			projectDirPath = "";
			projectRoot = "";
			targets = (
				061DCD532C44A13100CEDF2F /* Metrola */,
			);
		};
/* End PBXProject section */

/* Begin PBXResourcesBuildPhase section */
		061DCD522C44A13100CEDF2F /* Resources */ = {
			isa = PBXResourcesBuildPhase;
			buildActionMask = 2147483647;
			files = (
				061DCD662C44A22E00CEDF2F /* Assets.xcassets in Resources */,
				061DCD6D2C44A34F00CEDF2F /* testStops.json in Resources */,
				06C4BF3A2C44BE0E00197544 /* testLocation.gpx in Resources */,
				061DCD7B2C44A3BA00CEDF2F /* README.md in Resources */,
				061DCD5F2C44A13200CEDF2F /* Preview Assets.xcassets in Resources */,
			);
			runOnlyForDeploymentPostprocessing = 0;
		};
/* End PBXResourcesBuildPhase section */

/* Begin PBXSourcesBuildPhase section */
		061DCD502C44A13100CEDF2F /* Sources */ = {
			isa = PBXSourcesBuildPhase;
			buildActionMask = 2147483647;
			files = (
				061DCD772C44A37000CEDF2F /* StationMapView.swift in Sources */,
				061DCD792C44A39600CEDF2F /* Helpers.swift in Sources */,
				067D7D392C44AC130063734B /* AgencyKey.swift in Sources */,
				061DCD712C44A36400CEDF2F /* Line.swift in Sources */,
				061DCD6A2C44A2F400CEDF2F /* RootView.swift in Sources */,
				061DCD762C44A37000CEDF2F /* LocationManager.swift in Sources */,
				061DCD582C44A13100CEDF2F /* MetrolaApp.swift in Sources */,
				061DCD722C44A36400CEDF2F /* Station.swift in Sources */,
				06C4BF382C44B44B00197544 /* Direction.swift in Sources */,
			);
			runOnlyForDeploymentPostprocessing = 0;
		};
/* End PBXSourcesBuildPhase section */

/* Begin XCBuildConfiguration section */
		061DCD602C44A13200CEDF2F /* Debug */ = {
			isa = XCBuildConfiguration;
			buildSettings = {
				ALWAYS_SEARCH_USER_PATHS = NO;
				ASSETCATALOG_COMPILER_GENERATE_SWIFT_ASSET_SYMBOL_EXTENSIONS = YES;
				CLANG_ANALYZER_NONNULL = YES;
				CLANG_ANALYZER_NUMBER_OBJECT_CONVERSION = YES_AGGRESSIVE;
				CLANG_CXX_LANGUAGE_STANDARD = "gnu++20";
				CLANG_ENABLE_MODULES = YES;
				CLANG_ENABLE_OBJC_ARC = YES;
				CLANG_ENABLE_OBJC_WEAK = YES;
				CLANG_WARN_BLOCK_CAPTURE_AUTORELEASING = YES;
				CLANG_WARN_BOOL_CONVERSION = YES;
				CLANG_WARN_COMMA = YES;
				CLANG_WARN_CONSTANT_CONVERSION = YES;
				CLANG_WARN_DEPRECATED_OBJC_IMPLEMENTATIONS = YES;
				CLANG_WARN_DIRECT_OBJC_ISA_USAGE = YES_ERROR;
				CLANG_WARN_DOCUMENTATION_COMMENTS = YES;
				CLANG_WARN_EMPTY_BODY = YES;
				CLANG_WARN_ENUM_CONVERSION = YES;
				CLANG_WARN_INFINITE_RECURSION = YES;
				CLANG_WARN_INT_CONVERSION = YES;
				CLANG_WARN_NON_LITERAL_NULL_CONVERSION = YES;
				CLANG_WARN_OBJC_IMPLICIT_RETAIN_SELF = YES;
				CLANG_WARN_OBJC_LITERAL_CONVERSION = YES;
				CLANG_WARN_OBJC_ROOT_CLASS = YES_ERROR;
				CLANG_WARN_QUOTED_INCLUDE_IN_FRAMEWORK_HEADER = YES;
				CLANG_WARN_RANGE_LOOP_ANALYSIS = YES;
				CLANG_WARN_STRICT_PROTOTYPES = YES;
				CLANG_WARN_SUSPICIOUS_MOVE = YES;
				CLANG_WARN_UNGUARDED_AVAILABILITY = YES_AGGRESSIVE;
				CLANG_WARN_UNREACHABLE_CODE = YES;
				CLANG_WARN__DUPLICATE_METHOD_MATCH = YES;
				COPY_PHASE_STRIP = NO;
				DEBUG_INFORMATION_FORMAT = dwarf;
				ENABLE_STRICT_OBJC_MSGSEND = YES;
				ENABLE_TESTABILITY = YES;
				ENABLE_USER_SCRIPT_SANDBOXING = YES;
				GCC_C_LANGUAGE_STANDARD = gnu17;
				GCC_DYNAMIC_NO_PIC = NO;
				GCC_NO_COMMON_BLOCKS = YES;
				GCC_OPTIMIZATION_LEVEL = 0;
				GCC_PREPROCESSOR_DEFINITIONS = (
					"DEBUG=1",
					"$(inherited)",
				);
				GCC_WARN_64_TO_32_BIT_CONVERSION = YES;
				GCC_WARN_ABOUT_RETURN_TYPE = YES_ERROR;
				GCC_WARN_UNDECLARED_SELECTOR = YES;
				GCC_WARN_UNINITIALIZED_AUTOS = YES_AGGRESSIVE;
				GCC_WARN_UNUSED_FUNCTION = YES;
				GCC_WARN_UNUSED_VARIABLE = YES;
				IPHONEOS_DEPLOYMENT_TARGET = 17.0;
				LOCALIZATION_PREFERS_STRING_CATALOGS = YES;
				MTL_ENABLE_DEBUG_INFO = INCLUDE_SOURCE;
				MTL_FAST_MATH = YES;
				ONLY_ACTIVE_ARCH = YES;
				SDKROOT = iphoneos;
				SWIFT_ACTIVE_COMPILATION_CONDITIONS = "DEBUG $(inherited)";
				SWIFT_OPTIMIZATION_LEVEL = "-Onone";
			};
			name = Debug;
		};
		061DCD612C44A13200CEDF2F /* Release */ = {
			isa = XCBuildConfiguration;
			buildSettings = {
				ALWAYS_SEARCH_USER_PATHS = NO;
				ASSETCATALOG_COMPILER_GENERATE_SWIFT_ASSET_SYMBOL_EXTENSIONS = YES;
				CLANG_ANALYZER_NONNULL = YES;
				CLANG_ANALYZER_NUMBER_OBJECT_CONVERSION = YES_AGGRESSIVE;
				CLANG_CXX_LANGUAGE_STANDARD = "gnu++20";
				CLANG_ENABLE_MODULES = YES;
				CLANG_ENABLE_OBJC_ARC = YES;
				CLANG_ENABLE_OBJC_WEAK = YES;
				CLANG_WARN_BLOCK_CAPTURE_AUTORELEASING = YES;
				CLANG_WARN_BOOL_CONVERSION = YES;
				CLANG_WARN_COMMA = YES;
				CLANG_WARN_CONSTANT_CONVERSION = YES;
				CLANG_WARN_DEPRECATED_OBJC_IMPLEMENTATIONS = YES;
				CLANG_WARN_DIRECT_OBJC_ISA_USAGE = YES_ERROR;
				CLANG_WARN_DOCUMENTATION_COMMENTS = YES;
				CLANG_WARN_EMPTY_BODY = YES;
				CLANG_WARN_ENUM_CONVERSION = YES;
				CLANG_WARN_INFINITE_RECURSION = YES;
				CLANG_WARN_INT_CONVERSION = YES;
				CLANG_WARN_NON_LITERAL_NULL_CONVERSION = YES;
				CLANG_WARN_OBJC_IMPLICIT_RETAIN_SELF = YES;
				CLANG_WARN_OBJC_LITERAL_CONVERSION = YES;
				CLANG_WARN_OBJC_ROOT_CLASS = YES_ERROR;
				CLANG_WARN_QUOTED_INCLUDE_IN_FRAMEWORK_HEADER = YES;
				CLANG_WARN_RANGE_LOOP_ANALYSIS = YES;
				CLANG_WARN_STRICT_PROTOTYPES = YES;
				CLANG_WARN_SUSPICIOUS_MOVE = YES;
				CLANG_WARN_UNGUARDED_AVAILABILITY = YES_AGGRESSIVE;
				CLANG_WARN_UNREACHABLE_CODE = YES;
				CLANG_WARN__DUPLICATE_METHOD_MATCH = YES;
				COPY_PHASE_STRIP = NO;
				DEBUG_INFORMATION_FORMAT = "dwarf-with-dsym";
				ENABLE_NS_ASSERTIONS = NO;
				ENABLE_STRICT_OBJC_MSGSEND = YES;
				ENABLE_USER_SCRIPT_SANDBOXING = YES;
				GCC_C_LANGUAGE_STANDARD = gnu17;
				GCC_NO_COMMON_BLOCKS = YES;
				GCC_WARN_64_TO_32_BIT_CONVERSION = YES;
				GCC_WARN_ABOUT_RETURN_TYPE = YES_ERROR;
				GCC_WARN_UNDECLARED_SELECTOR = YES;
				GCC_WARN_UNINITIALIZED_AUTOS = YES_AGGRESSIVE;
				GCC_WARN_UNUSED_FUNCTION = YES;
				GCC_WARN_UNUSED_VARIABLE = YES;
				IPHONEOS_DEPLOYMENT_TARGET = 17.0;
				LOCALIZATION_PREFERS_STRING_CATALOGS = YES;
				MTL_ENABLE_DEBUG_INFO = NO;
				MTL_FAST_MATH = YES;
				SDKROOT = iphoneos;
				SWIFT_COMPILATION_MODE = wholemodule;
				VALIDATE_PRODUCT = YES;
			};
			name = Release;
		};
		061DCD632C44A13200CEDF2F /* Debug */ = {
			isa = XCBuildConfiguration;
			buildSettings = {
				ASSETCATALOG_COMPILER_APPICON_NAME = AppIcon;
				ASSETCATALOG_COMPILER_GLOBAL_ACCENT_COLOR_NAME = AccentColor;
				CODE_SIGN_STYLE = Automatic;
				CURRENT_PROJECT_VERSION = 1;
				DEVELOPMENT_ASSET_PATHS = "\"Metrola/Preview Content\"";
				DEVELOPMENT_TEAM = WA3KPNE52J;
				ENABLE_PREVIEWS = YES;
				GENERATE_INFOPLIST_FILE = YES;
				INFOPLIST_KEY_NSLocationWhenInUseUsageDescription = "We will use your location to allow showing nearby results on our map.";
				INFOPLIST_KEY_UIApplicationSceneManifest_Generation = YES;
				INFOPLIST_KEY_UIApplicationSupportsIndirectInputEvents = YES;
				INFOPLIST_KEY_UILaunchScreen_Generation = YES;
				INFOPLIST_KEY_UISupportedInterfaceOrientations = "UIInterfaceOrientationLandscapeLeft UIInterfaceOrientationLandscapeRight UIInterfaceOrientationPortrait UIInterfaceOrientationPortraitUpsideDown";
				IPHONEOS_DEPLOYMENT_TARGET = 17.0;
				LD_RUNPATH_SEARCH_PATHS = (
					"$(inherited)",
					"@executable_path/Frameworks",
				);
				MARKETING_VERSION = 0.1;
				PRODUCT_BUNDLE_IDENTIFIER = com.fbreidenbach.Metrola;
				PRODUCT_NAME = "$(TARGET_NAME)";
				SWIFT_EMIT_LOC_STRINGS = YES;
				SWIFT_VERSION = 5.0;
				TARGETED_DEVICE_FAMILY = "1,2";
			};
			name = Debug;
		};
		061DCD642C44A13200CEDF2F /* Release */ = {
			isa = XCBuildConfiguration;
			buildSettings = {
				ASSETCATALOG_COMPILER_APPICON_NAME = AppIcon;
				ASSETCATALOG_COMPILER_GLOBAL_ACCENT_COLOR_NAME = AccentColor;
				CODE_SIGN_STYLE = Automatic;
				CURRENT_PROJECT_VERSION = 1;
				DEVELOPMENT_ASSET_PATHS = "\"Metrola/Preview Content\"";
				DEVELOPMENT_TEAM = WA3KPNE52J;
				ENABLE_PREVIEWS = YES;
				GENERATE_INFOPLIST_FILE = YES;
				INFOPLIST_KEY_NSLocationWhenInUseUsageDescription = "We will use your location to allow showing nearby results on our map.";
				INFOPLIST_KEY_UIApplicationSceneManifest_Generation = YES;
				INFOPLIST_KEY_UIApplicationSupportsIndirectInputEvents = YES;
				INFOPLIST_KEY_UILaunchScreen_Generation = YES;
				INFOPLIST_KEY_UISupportedInterfaceOrientations = "UIInterfaceOrientationLandscapeLeft UIInterfaceOrientationLandscapeRight UIInterfaceOrientationPortrait UIInterfaceOrientationPortraitUpsideDown";
				IPHONEOS_DEPLOYMENT_TARGET = 17.0;
				LD_RUNPATH_SEARCH_PATHS = (
					"$(inherited)",
					"@executable_path/Frameworks",
				);
				MARKETING_VERSION = 0.1;
				PRODUCT_BUNDLE_IDENTIFIER = com.fbreidenbach.Metrola;
				PRODUCT_NAME = "$(TARGET_NAME)";
				SWIFT_EMIT_LOC_STRINGS = YES;
				SWIFT_VERSION = 5.0;
				TARGETED_DEVICE_FAMILY = "1,2";
			};
			name = Release;
		};
/* End XCBuildConfiguration section */

/* Begin XCConfigurationList section */
		061DCD4F2C44A13100CEDF2F /* Build configuration list for PBXProject "Metrola" */ = {
			isa = XCConfigurationList;
			buildConfigurations = (
				061DCD602C44A13200CEDF2F /* Debug */,
				061DCD612C44A13200CEDF2F /* Release */,
			);
			defaultConfigurationIsVisible = 0;
			defaultConfigurationName = Release;
		};
		061DCD622C44A13200CEDF2F /* Build configuration list for PBXNativeTarget "Metrola" */ = {
			isa = XCConfigurationList;
			buildConfigurations = (
				061DCD632C44A13200CEDF2F /* Debug */,
				061DCD642C44A13200CEDF2F /* Release */,
			);
			defaultConfigurationIsVisible = 0;
			defaultConfigurationName = Release;
		};
/* End XCConfigurationList section */
	};
	rootObject = 061DCD4C2C44A13100CEDF2F /* Project object */;
}
